// !$*UTF8*$!
{
	archiveVersion = 1;
	classes = {
	};
	objectVersion = 46;
	objects = {

/* Begin PBXBuildFile section */
		630B2733161FC070004BAE04 /* JSONKit.m in Sources */ = {isa = PBXBuildFile; fileRef = 630B2732161FC070004BAE04 /* JSONKit.m */; settings = {COMPILER_FLAGS = "-fno-objc-arc -DNS_BLOCK_ASSERTIONS -O2"; }; };
		635EE82A161D183200E2635F /* UIKit.framework in Frameworks */ = {isa = PBXBuildFile; fileRef = 635EE829161D183200E2635F /* UIKit.framework */; };
		635EE82C161D183200E2635F /* Foundation.framework in Frameworks */ = {isa = PBXBuildFile; fileRef = 635EE82B161D183200E2635F /* Foundation.framework */; };
		635EE82E161D183200E2635F /* CoreGraphics.framework in Frameworks */ = {isa = PBXBuildFile; fileRef = 635EE82D161D183200E2635F /* CoreGraphics.framework */; };
		635EE834161D183200E2635F /* InfoPlist.strings in Resources */ = {isa = PBXBuildFile; fileRef = 635EE832161D183200E2635F /* InfoPlist.strings */; };
		635EE836161D183200E2635F /* main.m in Sources */ = {isa = PBXBuildFile; fileRef = 635EE835161D183200E2635F /* main.m */; };
		635EE83A161D183200E2635F /* RoadtripAppDelegate.m in Sources */ = {isa = PBXBuildFile; fileRef = 635EE839161D183200E2635F /* RoadtripAppDelegate.m */; };
		635EE83C161D183200E2635F /* Default.png in Resources */ = {isa = PBXBuildFile; fileRef = 635EE83B161D183200E2635F /* Default.png */; };
		635EE83E161D183200E2635F /* Default@2x.png in Resources */ = {isa = PBXBuildFile; fileRef = 635EE83D161D183200E2635F /* Default@2x.png */; };
		635EE840161D183200E2635F /* Default-568h@2x.png in Resources */ = {isa = PBXBuildFile; fileRef = 635EE83F161D183200E2635F /* Default-568h@2x.png */; };
		635EE843161D183200E2635F /* MainStoryboard.storyboard in Resources */ = {isa = PBXBuildFile; fileRef = 635EE841161D183200E2635F /* MainStoryboard.storyboard */; };
		635EE846161D183200E2635F /* RoadtripViewController.m in Sources */ = {isa = PBXBuildFile; fileRef = 635EE845161D183200E2635F /* RoadtripViewController.m */; };
		635EE855161D1BB200E2635F /* MapKit.framework in Frameworks */ = {isa = PBXBuildFile; fileRef = 635EE854161D1BB200E2635F /* MapKit.framework */; };
		6372C2DA161D1E8B00AEE38A /* DetailMapViewController.m in Sources */ = {isa = PBXBuildFile; fileRef = 6372C2D7161D1E8B00AEE38A /* DetailMapViewController.m */; };
		6372C2DB161D1E8B00AEE38A /* LocationTableViewController.m in Sources */ = {isa = PBXBuildFile; fileRef = 6372C2D9161D1E8B00AEE38A /* LocationTableViewController.m */; };
		6372C2F2161D243100AEE38A /* LocationTableView.m in Sources */ = {isa = PBXBuildFile; fileRef = 6372C2F1161D243100AEE38A /* LocationTableView.m */; };
		6372C2F5161D249400AEE38A /* LocationTableCell.m in Sources */ = {isa = PBXBuildFile; fileRef = 6372C2F4161D249400AEE38A /* LocationTableCell.m */; };
		637D1CBB161E583F00BDF6F4 /* MapPopoverViewController.m in Sources */ = {isa = PBXBuildFile; fileRef = 637D1CB9161E583F00BDF6F4 /* MapPopoverViewController.m */; };
		637D1CBC161E583F00BDF6F4 /* MapPopoverViewController.xib in Resources */ = {isa = PBXBuildFile; fileRef = 637D1CBA161E583F00BDF6F4 /* MapPopoverViewController.xib */; };
		637D1CC6161E7C6700BDF6F4 /* RoadtripModel.m in Sources */ = {isa = PBXBuildFile; fileRef = 637D1CC5161E7C6700BDF6F4 /* RoadtripModel.m */; };
		637F442A161ED410001CAB44 /* SelectedPopoverViewController.m in Sources */ = {isa = PBXBuildFile; fileRef = 637F4428161ED410001CAB44 /* SelectedPopoverViewController.m */; };
		637F442B161ED410001CAB44 /* SelectedPopoverViewController.xib in Resources */ = {isa = PBXBuildFile; fileRef = 637F4429161ED410001CAB44 /* SelectedPopoverViewController.xib */; };
		63A79F13161D7EDF00E62E5B /* RoadtripLocation.m in Sources */ = {isa = PBXBuildFile; fileRef = 63A79F12161D7EDF00E62E5B /* RoadtripLocation.m */; };
		63A79F15161D890E00E62E5B /* CoreLocation.framework in Frameworks */ = {isa = PBXBuildFile; fileRef = 63A79F14161D890E00E62E5B /* CoreLocation.framework */; };
		63F91AA9161FF0B100056149 /* RouteTableCell.m in Sources */ = {isa = PBXBuildFile; fileRef = 63F91AA8161FF0B100056149 /* RouteTableCell.m */; };
		63F91AAC161FF6AE00056149 /* RoadtripRoute.m in Sources */ = {isa = PBXBuildFile; fileRef = 63F91AAB161FF6AE00056149 /* RoadtripRoute.m */; };
/* End PBXBuildFile section */

/* Begin PBXFileReference section */
		630B2731161FC070004BAE04 /* JSONKit.h */ = {isa = PBXFileReference; fileEncoding = 4; lastKnownFileType = sourcecode.c.h; name = JSONKit.h; path = Libraries/JSONKit.h; sourceTree = "<group>"; };
		630B2732161FC070004BAE04 /* JSONKit.m */ = {isa = PBXFileReference; fileEncoding = 4; lastKnownFileType = sourcecode.c.objc; name = JSONKit.m; path = Libraries/JSONKit.m; sourceTree = "<group>"; };
		635EE825161D183200E2635F /* Roadtrip.app */ = {isa = PBXFileReference; explicitFileType = wrapper.application; includeInIndex = 0; path = Roadtrip.app; sourceTree = BUILT_PRODUCTS_DIR; };
		635EE829161D183200E2635F /* UIKit.framework */ = {isa = PBXFileReference; lastKnownFileType = wrapper.framework; name = UIKit.framework; path = System/Library/Frameworks/UIKit.framework; sourceTree = SDKROOT; };
		635EE82B161D183200E2635F /* Foundation.framework */ = {isa = PBXFileReference; lastKnownFileType = wrapper.framework; name = Foundation.framework; path = System/Library/Frameworks/Foundation.framework; sourceTree = SDKROOT; };
		635EE82D161D183200E2635F /* CoreGraphics.framework */ = {isa = PBXFileReference; lastKnownFileType = wrapper.framework; name = CoreGraphics.framework; path = System/Library/Frameworks/CoreGraphics.framework; sourceTree = SDKROOT; };
		635EE831161D183200E2635F /* Roadtrip-Info.plist */ = {isa = PBXFileReference; lastKnownFileType = text.plist.xml; path = "Roadtrip-Info.plist"; sourceTree = "<group>"; };
		635EE833161D183200E2635F /* en */ = {isa = PBXFileReference; lastKnownFileType = text.plist.strings; name = en; path = en.lproj/InfoPlist.strings; sourceTree = "<group>"; };
		635EE835161D183200E2635F /* main.m */ = {isa = PBXFileReference; lastKnownFileType = sourcecode.c.objc; path = main.m; sourceTree = "<group>"; };
		635EE837161D183200E2635F /* Roadtrip-Prefix.pch */ = {isa = PBXFileReference; lastKnownFileType = sourcecode.c.h; path = "Roadtrip-Prefix.pch"; sourceTree = "<group>"; };
		635EE838161D183200E2635F /* RoadtripAppDelegate.h */ = {isa = PBXFileReference; lastKnownFileType = sourcecode.c.h; path = RoadtripAppDelegate.h; sourceTree = "<group>"; };
		635EE839161D183200E2635F /* RoadtripAppDelegate.m */ = {isa = PBXFileReference; lastKnownFileType = sourcecode.c.objc; path = RoadtripAppDelegate.m; sourceTree = "<group>"; };
		635EE83B161D183200E2635F /* Default.png */ = {isa = PBXFileReference; lastKnownFileType = image.png; path = Default.png; sourceTree = "<group>"; };
		635EE83D161D183200E2635F /* Default@2x.png */ = {isa = PBXFileReference; lastKnownFileType = image.png; path = "Default@2x.png"; sourceTree = "<group>"; };
		635EE83F161D183200E2635F /* Default-568h@2x.png */ = {isa = PBXFileReference; lastKnownFileType = image.png; path = "Default-568h@2x.png"; sourceTree = "<group>"; };
		635EE842161D183200E2635F /* en */ = {isa = PBXFileReference; lastKnownFileType = file.storyboard; name = en; path = en.lproj/MainStoryboard.storyboard; sourceTree = "<group>"; };
		635EE844161D183200E2635F /* RoadtripViewController.h */ = {isa = PBXFileReference; lastKnownFileType = sourcecode.c.h; name = RoadtripViewController.h; path = Roadtrip/RoadtripViewController.h; sourceTree = "<group>"; };
		635EE845161D183200E2635F /* RoadtripViewController.m */ = {isa = PBXFileReference; lastKnownFileType = sourcecode.c.objc; name = RoadtripViewController.m; path = Roadtrip/RoadtripViewController.m; sourceTree = "<group>"; };
		635EE854161D1BB200E2635F /* MapKit.framework */ = {isa = PBXFileReference; lastKnownFileType = wrapper.framework; name = MapKit.framework; path = System/Library/Frameworks/MapKit.framework; sourceTree = SDKROOT; };
		6372C2D6161D1E8B00AEE38A /* DetailMapViewController.h */ = {isa = PBXFileReference; fileEncoding = 4; lastKnownFileType = sourcecode.c.h; name = DetailMapViewController.h; path = "Controllers and Views/DetailMapViewController.h"; sourceTree = "<group>"; };
		6372C2D7161D1E8B00AEE38A /* DetailMapViewController.m */ = {isa = PBXFileReference; fileEncoding = 4; lastKnownFileType = sourcecode.c.objc; name = DetailMapViewController.m; path = "Controllers and Views/DetailMapViewController.m"; sourceTree = "<group>"; };
		6372C2D8161D1E8B00AEE38A /* LocationTableViewController.h */ = {isa = PBXFileReference; fileEncoding = 4; lastKnownFileType = sourcecode.c.h; name = LocationTableViewController.h; path = "Controllers and Views/LocationTableViewController.h"; sourceTree = "<group>"; };
		6372C2D9161D1E8B00AEE38A /* LocationTableViewController.m */ = {isa = PBXFileReference; fileEncoding = 4; lastKnownFileType = sourcecode.c.objc; name = LocationTableViewController.m; path = "Controllers and Views/LocationTableViewController.m"; sourceTree = "<group>"; };
		6372C2F0161D243100AEE38A /* LocationTableView.h */ = {isa = PBXFileReference; fileEncoding = 4; lastKnownFileType = sourcecode.c.h; name = LocationTableView.h; path = "Controllers and Views/LocationTableView.h"; sourceTree = "<group>"; };
		6372C2F1161D243100AEE38A /* LocationTableView.m */ = {isa = PBXFileReference; fileEncoding = 4; lastKnownFileType = sourcecode.c.objc; name = LocationTableView.m; path = "Controllers and Views/LocationTableView.m"; sourceTree = "<group>"; };
		6372C2F3161D249400AEE38A /* LocationTableCell.h */ = {isa = PBXFileReference; fileEncoding = 4; lastKnownFileType = sourcecode.c.h; name = LocationTableCell.h; path = "Controllers and Views/LocationTableCell.h"; sourceTree = "<group>"; };
		6372C2F4161D249400AEE38A /* LocationTableCell.m */ = {isa = PBXFileReference; fileEncoding = 4; lastKnownFileType = sourcecode.c.objc; name = LocationTableCell.m; path = "Controllers and Views/LocationTableCell.m"; sourceTree = "<group>"; };
		637D1CB8161E583F00BDF6F4 /* MapPopoverViewController.h */ = {isa = PBXFileReference; fileEncoding = 4; lastKnownFileType = sourcecode.c.h; name = MapPopoverViewController.h; path = "Controllers and Views/MapPopoverViewController.h"; sourceTree = "<group>"; };
		637D1CB9161E583F00BDF6F4 /* MapPopoverViewController.m */ = {isa = PBXFileReference; fileEncoding = 4; lastKnownFileType = sourcecode.c.objc; name = MapPopoverViewController.m; path = "Controllers and Views/MapPopoverViewController.m"; sourceTree = "<group>"; };
		637D1CBA161E583F00BDF6F4 /* MapPopoverViewController.xib */ = {isa = PBXFileReference; fileEncoding = 4; lastKnownFileType = file.xib; name = MapPopoverViewController.xib; path = "Controllers and Views/MapPopoverViewController.xib"; sourceTree = "<group>"; };
		637D1CC3161E79E300BDF6F4 /* ModelNotifications.h */ = {isa = PBXFileReference; fileEncoding = 4; lastKnownFileType = sourcecode.c.h; name = ModelNotifications.h; path = Models/ModelNotifications.h; sourceTree = "<group>"; };
		637D1CC4161E7C6700BDF6F4 /* RoadtripModel.h */ = {isa = PBXFileReference; fileEncoding = 4; lastKnownFileType = sourcecode.c.h; name = RoadtripModel.h; path = Models/RoadtripModel.h; sourceTree = "<group>"; };
		637D1CC5161E7C6700BDF6F4 /* RoadtripModel.m */ = {isa = PBXFileReference; fileEncoding = 4; lastKnownFileType = sourcecode.c.objc; name = RoadtripModel.m; path = Models/RoadtripModel.m; sourceTree = "<group>"; };
		637D1CCC161E9AE200BDF6F4 /* MapConstants.h */ = {isa = PBXFileReference; fileEncoding = 4; lastKnownFileType = sourcecode.c.h; name = MapConstants.h; path = Models/MapConstants.h; sourceTree = "<group>"; };
		637F4427161ED410001CAB44 /* SelectedPopoverViewController.h */ = {isa = PBXFileReference; fileEncoding = 4; lastKnownFileType = sourcecode.c.h; name = SelectedPopoverViewController.h; path = "Controllers and Views/SelectedPopoverViewController.h"; sourceTree = "<group>"; };
		637F4428161ED410001CAB44 /* SelectedPopoverViewController.m */ = {isa = PBXFileReference; fileEncoding = 4; lastKnownFileType = sourcecode.c.objc; name = SelectedPopoverViewController.m; path = "Controllers and Views/SelectedPopoverViewController.m"; sourceTree = "<group>"; };
		637F4429161ED410001CAB44 /* SelectedPopoverViewController.xib */ = {isa = PBXFileReference; fileEncoding = 4; lastKnownFileType = file.xib; name = SelectedPopoverViewController.xib; path = "Controllers and Views/SelectedPopoverViewController.xib"; sourceTree = "<group>"; };
		63A79F11161D7EDF00E62E5B /* RoadtripLocation.h */ = {isa = PBXFileReference; fileEncoding = 4; lastKnownFileType = sourcecode.c.h; name = RoadtripLocation.h; path = Models/RoadtripLocation.h; sourceTree = "<group>"; };
		63A79F12161D7EDF00E62E5B /* RoadtripLocation.m */ = {isa = PBXFileReference; fileEncoding = 4; lastKnownFileType = sourcecode.c.objc; name = RoadtripLocation.m; path = Models/RoadtripLocation.m; sourceTree = "<group>"; };
		63A79F14161D890E00E62E5B /* CoreLocation.framework */ = {isa = PBXFileReference; lastKnownFileType = wrapper.framework; name = CoreLocation.framework; path = System/Library/Frameworks/CoreLocation.framework; sourceTree = SDKROOT; };
		63F91AA7161FF0B100056149 /* RouteTableCell.h */ = {isa = PBXFileReference; fileEncoding = 4; lastKnownFileType = sourcecode.c.h; name = RouteTableCell.h; path = "Controllers and Views/RouteTableCell.h"; sourceTree = "<group>"; };
		63F91AA8161FF0B100056149 /* RouteTableCell.m */ = {isa = PBXFileReference; fileEncoding = 4; lastKnownFileType = sourcecode.c.objc; name = RouteTableCell.m; path = "Controllers and Views/RouteTableCell.m"; sourceTree = "<group>"; };
		63F91AAA161FF6AE00056149 /* RoadtripRoute.h */ = {isa = PBXFileReference; fileEncoding = 4; lastKnownFileType = sourcecode.c.h; name = RoadtripRoute.h; path = Models/RoadtripRoute.h; sourceTree = "<group>"; };
		63F91AAB161FF6AE00056149 /* RoadtripRoute.m */ = {isa = PBXFileReference; fileEncoding = 4; lastKnownFileType = sourcecode.c.objc; name = RoadtripRoute.m; path = Models/RoadtripRoute.m; sourceTree = "<group>"; };
/* End PBXFileReference section */

/* Begin PBXFrameworksBuildPhase section */
		635EE822161D183200E2635F /* Frameworks */ = {
			isa = PBXFrameworksBuildPhase;
			buildActionMask = 2147483647;
			files = (
				63A79F15161D890E00E62E5B /* CoreLocation.framework in Frameworks */,
				635EE855161D1BB200E2635F /* MapKit.framework in Frameworks */,
				635EE82A161D183200E2635F /* UIKit.framework in Frameworks */,
				635EE82C161D183200E2635F /* Foundation.framework in Frameworks */,
				635EE82E161D183200E2635F /* CoreGraphics.framework in Frameworks */,
			);
			runOnlyForDeploymentPostprocessing = 0;
		};
/* End PBXFrameworksBuildPhase section */

/* Begin PBXGroup section */
		630B272F161FC05A004BAE04 /* Libraries */ = {
			isa = PBXGroup;
			children = (
				630B2731161FC070004BAE04 /* JSONKit.h */,
				630B2732161FC070004BAE04 /* JSONKit.m */,
			);
			name = Libraries;
			sourceTree = "<group>";
		};
		635EE81A161D183200E2635F = {
			isa = PBXGroup;
			children = (
				630B272F161FC05A004BAE04 /* Libraries */,
				6372C2D2161D1E7700AEE38A /* Models */,
				6372C2D0161D1E6E00AEE38A /* Controllers and Views */,
				635EE82F161D183200E2635F /* Roadtrip */,
				635EE828161D183200E2635F /* Frameworks */,
				635EE826161D183200E2635F /* Products */,
			);
			sourceTree = "<group>";
		};
		635EE826161D183200E2635F /* Products */ = {
			isa = PBXGroup;
			children = (
				635EE825161D183200E2635F /* Roadtrip.app */,
			);
			name = Products;
			sourceTree = "<group>";
		};
		635EE828161D183200E2635F /* Frameworks */ = {
			isa = PBXGroup;
			children = (
				63A79F14161D890E00E62E5B /* CoreLocation.framework */,
				635EE854161D1BB200E2635F /* MapKit.framework */,
				635EE829161D183200E2635F /* UIKit.framework */,
				635EE82B161D183200E2635F /* Foundation.framework */,
				635EE82D161D183200E2635F /* CoreGraphics.framework */,
			);
			name = Frameworks;
			sourceTree = "<group>";
		};
		635EE82F161D183200E2635F /* Roadtrip */ = {
			isa = PBXGroup;
			children = (
				635EE838161D183200E2635F /* RoadtripAppDelegate.h */,
				635EE839161D183200E2635F /* RoadtripAppDelegate.m */,
				635EE841161D183200E2635F /* MainStoryboard.storyboard */,
				635EE830161D183200E2635F /* Supporting Files */,
			);
			path = Roadtrip;
			sourceTree = "<group>";
		};
		635EE830161D183200E2635F /* Supporting Files */ = {
			isa = PBXGroup;
			children = (
				635EE831161D183200E2635F /* Roadtrip-Info.plist */,
				635EE832161D183200E2635F /* InfoPlist.strings */,
				635EE835161D183200E2635F /* main.m */,
				635EE837161D183200E2635F /* Roadtrip-Prefix.pch */,
				635EE83B161D183200E2635F /* Default.png */,
				635EE83D161D183200E2635F /* Default@2x.png */,
				635EE83F161D183200E2635F /* Default-568h@2x.png */,
			);
			name = "Supporting Files";
			sourceTree = "<group>";
		};
		6372C2D0161D1E6E00AEE38A /* Controllers and Views */ = {
			isa = PBXGroup;
			children = (
				6372C2F0161D243100AEE38A /* LocationTableView.h */,
				6372C2F1161D243100AEE38A /* LocationTableView.m */,
				6372C2F3161D249400AEE38A /* LocationTableCell.h */,
				6372C2F4161D249400AEE38A /* LocationTableCell.m */,
				63F91AA7161FF0B100056149 /* RouteTableCell.h */,
				63F91AA8161FF0B100056149 /* RouteTableCell.m */,
				637F4427161ED410001CAB44 /* SelectedPopoverViewController.h */,
				637F4428161ED410001CAB44 /* SelectedPopoverViewController.m */,
				637F4429161ED410001CAB44 /* SelectedPopoverViewController.xib */,
				637D1CB8161E583F00BDF6F4 /* MapPopoverViewController.h */,
				637D1CB9161E583F00BDF6F4 /* MapPopoverViewController.m */,
				637D1CBA161E583F00BDF6F4 /* MapPopoverViewController.xib */,
				6372C2D6161D1E8B00AEE38A /* DetailMapViewController.h */,
				6372C2D7161D1E8B00AEE38A /* DetailMapViewController.m */,
				6372C2D8161D1E8B00AEE38A /* LocationTableViewController.h */,
				6372C2D9161D1E8B00AEE38A /* LocationTableViewController.m */,
				635EE844161D183200E2635F /* RoadtripViewController.h */,
				635EE845161D183200E2635F /* RoadtripViewController.m */,
			);
			name = "Controllers and Views";
			sourceTree = "<group>";
		};
		6372C2D2161D1E7700AEE38A /* Models */ = {
			isa = PBXGroup;
			children = (
				637D1CCC161E9AE200BDF6F4 /* MapConstants.h */,
				637D1CC3161E79E300BDF6F4 /* ModelNotifications.h */,
				63A79F11161D7EDF00E62E5B /* RoadtripLocation.h */,
				63A79F12161D7EDF00E62E5B /* RoadtripLocation.m */,
				63F91AAA161FF6AE00056149 /* RoadtripRoute.h */,
				63F91AAB161FF6AE00056149 /* RoadtripRoute.m */,
				637D1CC4161E7C6700BDF6F4 /* RoadtripModel.h */,
				637D1CC5161E7C6700BDF6F4 /* RoadtripModel.m */,
			);
			name = Models;
			sourceTree = "<group>";
		};
/* End PBXGroup section */

/* Begin PBXNativeTarget section */
		635EE824161D183200E2635F /* Roadtrip */ = {
			isa = PBXNativeTarget;
			buildConfigurationList = 635EE849161D183200E2635F /* Build configuration list for PBXNativeTarget "Roadtrip" */;
			buildPhases = (
				635EE821161D183200E2635F /* Sources */,
				635EE822161D183200E2635F /* Frameworks */,
				635EE823161D183200E2635F /* Resources */,
			);
			buildRules = (
			);
			dependencies = (
			);
			name = Roadtrip;
			productName = Roadtrip;
			productReference = 635EE825161D183200E2635F /* Roadtrip.app */;
			productType = "com.apple.product-type.application";
		};
/* End PBXNativeTarget section */

/* Begin PBXProject section */
		635EE81C161D183200E2635F /* Project object */ = {
			isa = PBXProject;
			attributes = {
				CLASSPREFIX = Roadtrip;
				LastUpgradeCheck = 0450;
				ORGANIZATIONNAME = "David Zhang";
			};
			buildConfigurationList = 635EE81F161D183200E2635F /* Build configuration list for PBXProject "Roadtrip" */;
			compatibilityVersion = "Xcode 3.2";
			developmentRegion = English;
			hasScannedForEncodings = 0;
			knownRegions = (
				en,
			);
			mainGroup = 635EE81A161D183200E2635F;
			productRefGroup = 635EE826161D183200E2635F /* Products */;
			projectDirPath = "";
			projectRoot = "";
			targets = (
				635EE824161D183200E2635F /* Roadtrip */,
			);
		};
/* End PBXProject section */

/* Begin PBXResourcesBuildPhase section */
		635EE823161D183200E2635F /* Resources */ = {
			isa = PBXResourcesBuildPhase;
			buildActionMask = 2147483647;
			files = (
				635EE834161D183200E2635F /* InfoPlist.strings in Resources */,
				635EE83C161D183200E2635F /* Default.png in Resources */,
				635EE83E161D183200E2635F /* Default@2x.png in Resources */,
				635EE840161D183200E2635F /* Default-568h@2x.png in Resources */,
				635EE843161D183200E2635F /* MainStoryboard.storyboard in Resources */,
				637D1CBC161E583F00BDF6F4 /* MapPopoverViewController.xib in Resources */,
				637F442B161ED410001CAB44 /* SelectedPopoverViewController.xib in Resources */,
			);
			runOnlyForDeploymentPostprocessing = 0;
		};
/* End PBXResourcesBuildPhase section */

/* Begin PBXSourcesBuildPhase section */
		635EE821161D183200E2635F /* Sources */ = {
			isa = PBXSourcesBuildPhase;
			buildActionMask = 2147483647;
			files = (
				635EE836161D183200E2635F /* main.m in Sources */,
				635EE83A161D183200E2635F /* RoadtripAppDelegate.m in Sources */,
				635EE846161D183200E2635F /* RoadtripViewController.m in Sources */,
				6372C2DA161D1E8B00AEE38A /* DetailMapViewController.m in Sources */,
				6372C2DB161D1E8B00AEE38A /* LocationTableViewController.m in Sources */,
				6372C2F2161D243100AEE38A /* LocationTableView.m in Sources */,
				6372C2F5161D249400AEE38A /* LocationTableCell.m in Sources */,
				63A79F13161D7EDF00E62E5B /* RoadtripLocation.m in Sources */,
				637D1CBB161E583F00BDF6F4 /* MapPopoverViewController.m in Sources */,
				637D1CC6161E7C6700BDF6F4 /* RoadtripModel.m in Sources */,
				637F442A161ED410001CAB44 /* SelectedPopoverViewController.m in Sources */,
				630B2733161FC070004BAE04 /* JSONKit.m in Sources */,
				63F91AA9161FF0B100056149 /* RouteTableCell.m in Sources */,
				63F91AAC161FF6AE00056149 /* RoadtripRoute.m in Sources */,
			);
			runOnlyForDeploymentPostprocessing = 0;
		};
/* End PBXSourcesBuildPhase section */

/* Begin PBXVariantGroup section */
		635EE832161D183200E2635F /* InfoPlist.strings */ = {
			isa = PBXVariantGroup;
			children = (
				635EE833161D183200E2635F /* en */,
			);
			name = InfoPlist.strings;
			sourceTree = "<group>";
		};
		635EE841161D183200E2635F /* MainStoryboard.storyboard */ = {
			isa = PBXVariantGroup;
			children = (
				635EE842161D183200E2635F /* en */,
			);
			name = MainStoryboard.storyboard;
			sourceTree = "<group>";
		};
/* End PBXVariantGroup section */

/* Begin XCBuildConfiguration section */
		635EE847161D183200E2635F /* Debug */ = {
			isa = XCBuildConfiguration;
			buildSettings = {
				ALWAYS_SEARCH_USER_PATHS = NO;
				CLANG_CXX_LANGUAGE_STANDARD = "gnu++0x";
				CLANG_CXX_LIBRARY = "libc++";
				CLANG_ENABLE_OBJC_ARC = YES;
				CLANG_WARN_EMPTY_BODY = YES;
				CLANG_WARN__DUPLICATE_METHOD_MATCH = YES;
				"CODE_SIGN_IDENTITY[sdk=iphoneos*]" = "iPhone Developer";
				COPY_PHASE_STRIP = NO;
				GCC_C_LANGUAGE_STANDARD = gnu99;
				GCC_DYNAMIC_NO_PIC = NO;
				GCC_OPTIMIZATION_LEVEL = 0;
				GCC_PREPROCESSOR_DEFINITIONS = (
					"DEBUG=1",
					"$(inherited)",
				);
				GCC_SYMBOLS_PRIVATE_EXTERN = NO;
				GCC_WARN_ABOUT_RETURN_TYPE = YES;
				GCC_WARN_UNINITIALIZED_AUTOS = YES;
				GCC_WARN_UNUSED_VARIABLE = YES;
				IPHONEOS_DEPLOYMENT_TARGET = 6.0;
				SDKROOT = iphoneos;
				TARGETED_DEVICE_FAMILY = 2;
			};
			name = Debug;
		};
		635EE848161D183200E2635F /* Release */ = {
			isa = XCBuildConfiguration;
			buildSettings = {
				ALWAYS_SEARCH_USER_PATHS = NO;
				CLANG_CXX_LANGUAGE_STANDARD = "gnu++0x";
				CLANG_CXX_LIBRARY = "libc++";
				CLANG_ENABLE_OBJC_ARC = YES;
				CLANG_WARN_EMPTY_BODY = YES;
				CLANG_WARN__DUPLICATE_METHOD_MATCH = YES;
				"CODE_SIGN_IDENTITY[sdk=iphoneos*]" = "iPhone Developer";
				COPY_PHASE_STRIP = YES;
				GCC_C_LANGUAGE_STANDARD = gnu99;
				GCC_WARN_ABOUT_RETURN_TYPE = YES;
				GCC_WARN_UNINITIALIZED_AUTOS = YES;
				GCC_WARN_UNUSED_VARIABLE = YES;
				IPHONEOS_DEPLOYMENT_TARGET = 6.0;
				OTHER_CFLAGS = "-DNS_BLOCK_ASSERTIONS=1";
				SDKROOT = iphoneos;
				TARGETED_DEVICE_FAMILY = 2;
				VALIDATE_PRODUCT = YES;
			};
			name = Release;
		};
		635EE84A161D183200E2635F /* Debug */ = {
			isa = XCBuildConfiguration;
			buildSettings = {
				GCC_PRECOMPILE_PREFIX_HEADER = YES;
				GCC_PREFIX_HEADER = "Roadtrip/Roadtrip-Prefix.pch";
				INFOPLIST_FILE = "Roadtrip/Roadtrip-Info.plist";
				PRODUCT_NAME = "$(TARGET_NAME)";
				WRAPPER_EXTENSION = app;
			};
			name = Debug;
		};
		635EE84B161D183200E2635F /* Release */ = {
			isa = XCBuildConfiguration;
			buildSettings = {
				GCC_PRECOMPILE_PREFIX_HEADER = YES;
				GCC_PREFIX_HEADER = "Roadtrip/Roadtrip-Prefix.pch";
				INFOPLIST_FILE = "Roadtrip/Roadtrip-Info.plist";
				PRODUCT_NAME = "$(TARGET_NAME)";
				WRAPPER_EXTENSION = app;
			};
			name = Release;
		};
/* End XCBuildConfiguration section */

/* Begin XCConfigurationList section */
		635EE81F161D183200E2635F /* Build configuration list for PBXProject "Roadtrip" */ = {
			isa = XCConfigurationList;
			buildConfigurations = (
				635EE847161D183200E2635F /* Debug */,
				635EE848161D183200E2635F /* Release */,
			);
			defaultConfigurationIsVisible = 0;
			defaultConfigurationName = Release;
		};
		635EE849161D183200E2635F /* Build configuration list for PBXNativeTarget "Roadtrip" */ = {
			isa = XCConfigurationList;
			buildConfigurations = (
				635EE84A161D183200E2635F /* Debug */,
				635EE84B161D183200E2635F /* Release */,
			);
			defaultConfigurationIsVisible = 0;
			defaultConfigurationName = Release;
		};
/* End XCConfigurationList section */
	};
	rootObject = 635EE81C161D183200E2635F /* Project object */;
}
